
Microsoft Visual Studio Solution File, Format Version 12.00
# Visual Studio 15
Project("{FAE04EC0-301F-11D3-BF4B-00C04F79EFBC}") = "Xamarin.Yeet", "Xamarin.Yeet\Xamarin.Yeet.csproj", "{D4B33B8C-64D2-416F-98A3-3EF135CD50B3}"
EndProject
Project("{FAE04EC0-301F-11D3-BF4B-00C04F79EFBC}") = "Yeet.Sample.Android", "..\..\samples\Xamarin.Yeet\Yeet.Sample.Android\Yeet.Sample.Android.csproj", "{291864D3-5631-4A74-A298-4B52D9E899A3}"
EndProject
Project("{FAE04EC0-301F-11D3-BF4B-00C04F79EFBC}") = "Yeet.Sample.iOS", "..\..\samples\Xamarin.Yeet\Yeet.Sample.iOS\Yeet.Sample.iOS.csproj", "{098872FD-E408-4E7A-B6FD-B63B9ABECDA7}"
EndProject
Project("{FAE04EC0-301F-11D3-BF4B-00C04F79EFBC}") = "Yeet.Sample", "..\..\samples\Xamarin.Yeet\Yeet.Sample\Yeet.Sample.csproj", "{9CD9BBE2-CDE0-4966-880F-FE6D04DA0CC2}"
EndProject
Global
	GlobalSection(SolutionConfigurationPlatforms) = preSolution
		Debug|Any CPU = Debug|Any CPU
		Release|Any CPU = Release|Any CPU
		Debug|iPhoneSimulator = Debug|iPhoneSimulator
		Release|iPhoneSimulator = Release|iPhoneSimulator
		Debug|iPhone = Debug|iPhone
		Release|iPhone = Release|iPhone
	EndGlobalSection
	GlobalSection(ProjectConfigurationPlatforms) = postSolution
		{D4B33B8C-64D2-416F-98A3-3EF135CD50B3}.Debug|Any CPU.ActiveCfg = Debug|Any CPU
		{D4B33B8C-64D2-416F-98A3-3EF135CD50B3}.Debug|Any CPU.Build.0 = Debug|Any CPU
		{D4B33B8C-64D2-416F-98A3-3EF135CD50B3}.Release|Any CPU.ActiveCfg = Release|Any CPU
		{D4B33B8C-64D2-416F-98A3-3EF135CD50B3}.Release|Any CPU.Build.0 = Release|Any CPU
		{D4B33B8C-64D2-416F-98A3-3EF135CD50B3}.Debug|iPhoneSimulator.ActiveCfg = Debug|Any CPU
		{D4B33B8C-64D2-416F-98A3-3EF135CD50B3}.Debug|iPhoneSimulator.Build.0 = Debug|Any CPU
		{D4B33B8C-64D2-416F-98A3-3EF135CD50B3}.Release|iPhoneSimulator.ActiveCfg = Release|Any CPU
		{D4B33B8C-64D2-416F-98A3-3EF135CD50B3}.Release|iPhoneSimulator.Build.0 = Release|Any CPU
		{D4B33B8C-64D2-416F-98A3-3EF135CD50B3}.Debug|iPhone.ActiveCfg = Debug|Any CPU
		{D4B33B8C-64D2-416F-98A3-3EF135CD50B3}.Debug|iPhone.Build.0 = Debug|Any CPU
		{D4B33B8C-64D2-416F-98A3-3EF135CD50B3}.Release|iPhone.ActiveCfg = Release|Any CPU
		{D4B33B8C-64D2-416F-98A3-3EF135CD50B3}.Release|iPhone.Build.0 = Release|Any CPU
		{291864D3-5631-4A74-A298-4B52D9E899A3}.Debug|Any CPU.ActiveCfg = Debug|Any CPU
		{291864D3-5631-4A74-A298-4B52D9E899A3}.Debug|Any CPU.Build.0 = Debug|Any CPU
		{291864D3-5631-4A74-A298-4B52D9E899A3}.Release|Any CPU.ActiveCfg = Release|Any CPU
		{291864D3-5631-4A74-A298-4B52D9E899A3}.Release|Any CPU.Build.0 = Release|Any CPU
		{291864D3-5631-4A74-A298-4B52D9E899A3}.Debug|iPhoneSimulator.ActiveCfg = Debug|Any CPU
		{291864D3-5631-4A74-A298-4B52D9E899A3}.Debug|iPhoneSimulator.Build.0 = Debug|Any CPU
		{291864D3-5631-4A74-A298-4B52D9E899A3}.Release|iPhoneSimulator.ActiveCfg = Release|Any CPU
		{291864D3-5631-4A74-A298-4B52D9E899A3}.Release|iPhoneSimulator.Build.0 = Release|Any CPU
		{291864D3-5631-4A74-A298-4B52D9E899A3}.Debug|iPhone.ActiveCfg = Debug|Any CPU
		{291864D3-5631-4A74-A298-4B52D9E899A3}.Debug|iPhone.Build.0 = Debug|Any CPU
		{291864D3-5631-4A74-A298-4B52D9E899A3}.Release|iPhone.ActiveCfg = Release|Any CPU
		{291864D3-5631-4A74-A298-4B52D9E899A3}.Release|iPhone.Build.0 = Release|Any CPU
		{098872FD-E408-4E7A-B6FD-B63B9ABECDA7}.Debug|Any CPU.ActiveCfg = Debug|iPhoneSimulator
		{098872FD-E408-4E7A-B6FD-B63B9ABECDA7}.Debug|Any CPU.Build.0 = Debug|iPhoneSimulator
		{098872FD-E408-4E7A-B6FD-B63B9ABECDA7}.Release|Any CPU.ActiveCfg = Release|iPhoneSimulator
		{098872FD-E408-4E7A-B6FD-B63B9ABECDA7}.Release|Any CPU.Build.0 = Release|iPhoneSimulator
		{098872FD-E408-4E7A-B6FD-B63B9ABECDA7}.Debug|iPhoneSimulator.ActiveCfg = Debug|iPhoneSimulator
		{098872FD-E408-4E7A-B6FD-B63B9ABECDA7}.Debug|iPhoneSimulator.Build.0 = Debug|iPhoneSimulator
		{098872FD-E408-4E7A-B6FD-B63B9ABECDA7}.Release|iPhoneSimulator.ActiveCfg = Release|iPhoneSimulator
		{098872FD-E408-4E7A-B6FD-B63B9ABECDA7}.Release|iPhoneSimulator.Build.0 = Release|iPhoneSimulator
		{098872FD-E408-4E7A-B6FD-B63B9ABECDA7}.Debug|iPhone.ActiveCfg = Debug|iPhone
		{098872FD-E408-4E7A-B6FD-B63B9ABECDA7}.Debug|iPhone.Build.0 = Debug|iPhone
		{098872FD-E408-4E7A-B6FD-B63B9ABECDA7}.Release|iPhone.ActiveCfg = Release|iPhone
		{098872FD-E408-4E7A-B6FD-B63B9ABECDA7}.Release|iPhone.Build.0 = Release|iPhone
		{9CD9BBE2-CDE0-4966-880F-FE6D04DA0CC2}.Debug|Any CPU.ActiveCfg = Debug|Any CPU
		{9CD9BBE2-CDE0-4966-880F-FE6D04DA0CC2}.Debug|Any CPU.Build.0 = Debug|Any CPU
		{9CD9BBE2-CDE0-4966-880F-FE6D04DA0CC2}.Release|Any CPU.ActiveCfg = Release|Any CPU
		{9CD9BBE2-CDE0-4966-880F-FE6D04DA0CC2}.Release|Any CPU.Build.0 = Release|Any CPU
		{9CD9BBE2-CDE0-4966-880F-FE6D04DA0CC2}.Debug|iPhoneSimulator.ActiveCfg = Debug|Any CPU
		{9CD9BBE2-CDE0-4966-880F-FE6D04DA0CC2}.Debug|iPhoneSimulator.Build.0 = Debug|Any CPU
		{9CD9BBE2-CDE0-4966-880F-FE6D04DA0CC2}.Release|iPhoneSimulator.ActiveCfg = Release|Any CPU
		{9CD9BBE2-CDE0-4966-880F-FE6D04DA0CC2}.Release|iPhoneSimulator.Build.0 = Release|Any CPU
		{9CD9BBE2-CDE0-4966-880F-FE6D04DA0CC2}.Debug|iPhone.ActiveCfg = Debug|Any CPU
		{9CD9BBE2-CDE0-4966-880F-FE6D04DA0CC2}.Debug|iPhone.Build.0 = Debug|Any CPU
		{9CD9BBE2-CDE0-4966-880F-FE6D04DA0CC2}.Release|iPhone.ActiveCfg = Release|Any CPU
		{9CD9BBE2-CDE0-4966-880F-FE6D04DA0CC2}.Release|iPhone.Build.0 = Release|Any CPU
	EndGlobalSection
EndGlobal
